// !$*UTF8*$!
{
	archiveVersion = 1;
	classes = {
	};
	objectVersion = 46;
	objects = {

/* Begin PBXBuildFile section */
		440B22301B9F0FF900A2654E /* InformationPostingViewController.swift in Sources */ = {isa = PBXBuildFile; fileRef = 440B222F1B9F0FF900A2654E /* InformationPostingViewController.swift */; };
		44734EFF1B9DBA53002B9800 /* SwiftSpinner.swift in Sources */ = {isa = PBXBuildFile; fileRef = 44734EFE1B9DBA53002B9800 /* SwiftSpinner.swift */; };
		449C68011BA300610049A55A /* Util.swift in Sources */ = {isa = PBXBuildFile; fileRef = 449C68001BA300610049A55A /* Util.swift */; };
		44E2B8841B95CD0E002332CC /* RestClient.swift in Sources */ = {isa = PBXBuildFile; fileRef = 44E2B8831B95CD0E002332CC /* RestClient.swift */; };
		44E2B8861B95D1F3002332CC /* ParseClient.swift in Sources */ = {isa = PBXBuildFile; fileRef = 44E2B8851B95D1F3002332CC /* ParseClient.swift */; };
		44F539891B9180F200EC2859 /* AppDelegate.swift in Sources */ = {isa = PBXBuildFile; fileRef = 44F539881B9180F200EC2859 /* AppDelegate.swift */; };
		44F5398B1B9180F200EC2859 /* LoginViewController.swift in Sources */ = {isa = PBXBuildFile; fileRef = 44F5398A1B9180F200EC2859 /* LoginViewController.swift */; };
		44F5398E1B9180F200EC2859 /* Main.storyboard in Resources */ = {isa = PBXBuildFile; fileRef = 44F5398C1B9180F200EC2859 /* Main.storyboard */; };
		44F539901B9180F200EC2859 /* Images.xcassets in Resources */ = {isa = PBXBuildFile; fileRef = 44F5398F1B9180F200EC2859 /* Images.xcassets */; };
		44F539931B9180F200EC2859 /* LaunchScreen.xib in Resources */ = {isa = PBXBuildFile; fileRef = 44F539911B9180F200EC2859 /* LaunchScreen.xib */; };
		44F5399F1B9180F200EC2859 /* on_the_mapTests.swift in Sources */ = {isa = PBXBuildFile; fileRef = 44F5399E1B9180F200EC2859 /* on_the_mapTests.swift */; };
		44F539AE1B9231CF00EC2859 /* UdacityClient.swift in Sources */ = {isa = PBXBuildFile; fileRef = 44F539AD1B9231CF00EC2859 /* UdacityClient.swift */; };
		44F539B01B92381600EC2859 /* UdacityClientConstants.swift in Sources */ = {isa = PBXBuildFile; fileRef = 44F539AF1B92381600EC2859 /* UdacityClientConstants.swift */; };
		44FAE6C31B9AF2A9002BAC28 /* User.swift in Sources */ = {isa = PBXBuildFile; fileRef = 44FAE6C21B9AF2A9002BAC28 /* User.swift */; };
		44FAE6C51B9B315D002BAC28 /* MapViewController.swift in Sources */ = {isa = PBXBuildFile; fileRef = 44FAE6C41B9B315D002BAC28 /* MapViewController.swift */; };
		44FAE6CC1B9C18E8002BAC28 /* UserRepository.swift in Sources */ = {isa = PBXBuildFile; fileRef = 44FAE6CB1B9C18E8002BAC28 /* UserRepository.swift */; };
		44FAE6CE1B9C2760002BAC28 /* StudentLocationRepository.swift in Sources */ = {isa = PBXBuildFile; fileRef = 44FAE6CD1B9C2760002BAC28 /* StudentLocationRepository.swift */; };
		44FAE6D01B9C2912002BAC28 /* StudentLocation.swift in Sources */ = {isa = PBXBuildFile; fileRef = 44FAE6CF1B9C2912002BAC28 /* StudentLocation.swift */; };
		44FAE6D21B9CBB0D002BAC28 /* StudentLocationTableViewController.swift in Sources */ = {isa = PBXBuildFile; fileRef = 44FAE6D11B9CBB0D002BAC28 /* StudentLocationTableViewController.swift */; };
/* End PBXBuildFile section */

/* Begin PBXContainerItemProxy section */
		44F539991B9180F200EC2859 /* PBXContainerItemProxy */ = {
			isa = PBXContainerItemProxy;
			containerPortal = 44F5397B1B9180F200EC2859 /* Project object */;
			proxyType = 1;
			remoteGlobalIDString = 44F539821B9180F200EC2859;
			remoteInfo = "on the map";
		};
/* End PBXContainerItemProxy section */

/* Begin PBXFileReference section */
		440B222F1B9F0FF900A2654E /* InformationPostingViewController.swift */ = {isa = PBXFileReference; fileEncoding = 4; lastKnownFileType = sourcecode.swift; path = InformationPostingViewController.swift; sourceTree = "<group>"; };
		44734EFE1B9DBA53002B9800 /* SwiftSpinner.swift */ = {isa = PBXFileReference; fileEncoding = 4; lastKnownFileType = sourcecode.swift; path = SwiftSpinner.swift; sourceTree = "<group>"; };
		449C68001BA300610049A55A /* Util.swift */ = {isa = PBXFileReference; fileEncoding = 4; lastKnownFileType = sourcecode.swift; path = Util.swift; sourceTree = "<group>"; };
		44E2B8831B95CD0E002332CC /* RestClient.swift */ = {isa = PBXFileReference; fileEncoding = 4; lastKnownFileType = sourcecode.swift; path = RestClient.swift; sourceTree = "<group>"; };
		44E2B8851B95D1F3002332CC /* ParseClient.swift */ = {isa = PBXFileReference; fileEncoding = 4; lastKnownFileType = sourcecode.swift; path = ParseClient.swift; sourceTree = "<group>"; };
		44F539831B9180F200EC2859 /* on the map.app */ = {isa = PBXFileReference; explicitFileType = wrapper.application; includeInIndex = 0; path = "on the map.app"; sourceTree = BUILT_PRODUCTS_DIR; };
		44F539871B9180F200EC2859 /* Info.plist */ = {isa = PBXFileReference; lastKnownFileType = text.plist.xml; path = Info.plist; sourceTree = "<group>"; };
		44F539881B9180F200EC2859 /* AppDelegate.swift */ = {isa = PBXFileReference; lastKnownFileType = sourcecode.swift; path = AppDelegate.swift; sourceTree = "<group>"; };
		44F5398A1B9180F200EC2859 /* LoginViewController.swift */ = {isa = PBXFileReference; lastKnownFileType = sourcecode.swift; path = LoginViewController.swift; sourceTree = "<group>"; };
		44F5398D1B9180F200EC2859 /* Base */ = {isa = PBXFileReference; lastKnownFileType = file.storyboard; name = Base; path = Base.lproj/Main.storyboard; sourceTree = "<group>"; };
		44F5398F1B9180F200EC2859 /* Images.xcassets */ = {isa = PBXFileReference; lastKnownFileType = folder.assetcatalog; path = Images.xcassets; sourceTree = "<group>"; };
		44F539921B9180F200EC2859 /* Base */ = {isa = PBXFileReference; lastKnownFileType = file.xib; name = Base; path = Base.lproj/LaunchScreen.xib; sourceTree = "<group>"; };
		44F539981B9180F200EC2859 /* on the mapTests.xctest */ = {isa = PBXFileReference; explicitFileType = wrapper.cfbundle; includeInIndex = 0; path = "on the mapTests.xctest"; sourceTree = BUILT_PRODUCTS_DIR; };
		44F5399D1B9180F200EC2859 /* Info.plist */ = {isa = PBXFileReference; lastKnownFileType = text.plist.xml; path = Info.plist; sourceTree = "<group>"; };
		44F5399E1B9180F200EC2859 /* on_the_mapTests.swift */ = {isa = PBXFileReference; lastKnownFileType = sourcecode.swift; path = on_the_mapTests.swift; sourceTree = "<group>"; };
		44F539AD1B9231CF00EC2859 /* UdacityClient.swift */ = {isa = PBXFileReference; fileEncoding = 4; lastKnownFileType = sourcecode.swift; path = UdacityClient.swift; sourceTree = "<group>"; };
		44F539AF1B92381600EC2859 /* UdacityClientConstants.swift */ = {isa = PBXFileReference; fileEncoding = 4; lastKnownFileType = sourcecode.swift; path = UdacityClientConstants.swift; sourceTree = "<group>"; };
		44FAE6C21B9AF2A9002BAC28 /* User.swift */ = {isa = PBXFileReference; fileEncoding = 4; lastKnownFileType = sourcecode.swift; path = User.swift; sourceTree = "<group>"; };
		44FAE6C41B9B315D002BAC28 /* MapViewController.swift */ = {isa = PBXFileReference; fileEncoding = 4; lastKnownFileType = sourcecode.swift; path = MapViewController.swift; sourceTree = "<group>"; };
		44FAE6CB1B9C18E8002BAC28 /* UserRepository.swift */ = {isa = PBXFileReference; fileEncoding = 4; lastKnownFileType = sourcecode.swift; path = UserRepository.swift; sourceTree = "<group>"; };
		44FAE6CD1B9C2760002BAC28 /* StudentLocationRepository.swift */ = {isa = PBXFileReference; fileEncoding = 4; lastKnownFileType = sourcecode.swift; path = StudentLocationRepository.swift; sourceTree = "<group>"; };
		44FAE6CF1B9C2912002BAC28 /* StudentLocation.swift */ = {isa = PBXFileReference; fileEncoding = 4; lastKnownFileType = sourcecode.swift; path = StudentLocation.swift; sourceTree = "<group>"; };
		44FAE6D11B9CBB0D002BAC28 /* StudentLocationTableViewController.swift */ = {isa = PBXFileReference; fileEncoding = 4; lastKnownFileType = sourcecode.swift; path = StudentLocationTableViewController.swift; sourceTree = "<group>"; };
/* End PBXFileReference section */

/* Begin PBXFrameworksBuildPhase section */
		44F539801B9180F200EC2859 /* Frameworks */ = {
			isa = PBXFrameworksBuildPhase;
			buildActionMask = 2147483647;
			files = (
			);
			runOnlyForDeploymentPostprocessing = 0;
		};
		44F539951B9180F200EC2859 /* Frameworks */ = {
			isa = PBXFrameworksBuildPhase;
			buildActionMask = 2147483647;
			files = (
			);
			runOnlyForDeploymentPostprocessing = 0;
		};
/* End PBXFrameworksBuildPhase section */

/* Begin PBXGroup section */
		44734EFD1B9DBA3D002B9800 /* SwiftSpinner */ = {
			isa = PBXGroup;
			children = (
				44734EFE1B9DBA53002B9800 /* SwiftSpinner.swift */,
			);
			name = SwiftSpinner;
			sourceTree = "<group>";
		};
		449EB8B01B9DB8D3004CDBD6 /* Libraries */ = {
			isa = PBXGroup;
			children = (
				44734EFD1B9DBA3D002B9800 /* SwiftSpinner */,
			);
			name = Libraries;
			sourceTree = "<group>";
		};
		44E2B8821B95CCE3002332CC /* Parse */ = {
			isa = PBXGroup;
			children = (
				44E2B8851B95D1F3002332CC /* ParseClient.swift */,
			);
			name = Parse;
			sourceTree = "<group>";
		};
		44F5397A1B9180F200EC2859 = {
			isa = PBXGroup;
			children = (
				44F539851B9180F200EC2859 /* on the map */,
				44F5399B1B9180F200EC2859 /* on the mapTests */,
				44F539841B9180F200EC2859 /* Products */,
			);
			sourceTree = "<group>";
		};
		44F539841B9180F200EC2859 /* Products */ = {
			isa = PBXGroup;
			children = (
				44F539831B9180F200EC2859 /* on the map.app */,
				44F539981B9180F200EC2859 /* on the mapTests.xctest */,
			);
			name = Products;
			sourceTree = "<group>";
		};
		44F539851B9180F200EC2859 /* on the map */ = {
			isa = PBXGroup;
			children = (
				449EB8B01B9DB8D3004CDBD6 /* Libraries */,
				44FAE6CA1B9C18CC002BAC28 /* Repositories */,
				44F539AB1B92317900EC2859 /* Clients */,
				44F539AA1B9181F900EC2859 /* Controllers */,
				44F539A91B9181F100EC2859 /* Views */,
				44F539A81B9181E400EC2859 /* Models */,
				44F539881B9180F200EC2859 /* AppDelegate.swift */,
				44F5398C1B9180F200EC2859 /* Main.storyboard */,
				44F5398F1B9180F200EC2859 /* Images.xcassets */,
				44F539911B9180F200EC2859 /* LaunchScreen.xib */,
				44F539861B9180F200EC2859 /* Supporting Files */,
				449C68001BA300610049A55A /* Util.swift */,
			);
			path = "on the map";
			sourceTree = "<group>";
		};
		44F539861B9180F200EC2859 /* Supporting Files */ = {
			isa = PBXGroup;
			children = (
				44F539871B9180F200EC2859 /* Info.plist */,
			);
			name = "Supporting Files";
			sourceTree = "<group>";
		};
		44F5399B1B9180F200EC2859 /* on the mapTests */ = {
			isa = PBXGroup;
			children = (
				44F5399E1B9180F200EC2859 /* on_the_mapTests.swift */,
				44F5399C1B9180F200EC2859 /* Supporting Files */,
			);
			path = "on the mapTests";
			sourceTree = "<group>";
		};
		44F5399C1B9180F200EC2859 /* Supporting Files */ = {
			isa = PBXGroup;
			children = (
				44F5399D1B9180F200EC2859 /* Info.plist */,
			);
			name = "Supporting Files";
			sourceTree = "<group>";
		};
		44F539A81B9181E400EC2859 /* Models */ = {
			isa = PBXGroup;
			children = (
				44FAE6C21B9AF2A9002BAC28 /* User.swift */,
				44FAE6CF1B9C2912002BAC28 /* StudentLocation.swift */,
			);
			name = Models;
			sourceTree = "<group>";
		};
		44F539A91B9181F100EC2859 /* Views */ = {
			isa = PBXGroup;
			children = (
			);
			name = Views;
			sourceTree = "<group>";
		};
		44F539AA1B9181F900EC2859 /* Controllers */ = {
			isa = PBXGroup;
			children = (
				44F5398A1B9180F200EC2859 /* LoginViewController.swift */,
				44FAE6C41B9B315D002BAC28 /* MapViewController.swift */,
				44FAE6D11B9CBB0D002BAC28 /* StudentLocationTableViewController.swift */,
				440B222F1B9F0FF900A2654E /* InformationPostingViewController.swift */,
			);
			name = Controllers;
			sourceTree = "<group>";
		};
		44F539AB1B92317900EC2859 /* Clients */ = {
			isa = PBXGroup;
			children = (
				44E2B8821B95CCE3002332CC /* Parse */,
				44F539AC1B92318300EC2859 /* Udacity */,
				44E2B8831B95CD0E002332CC /* RestClient.swift */,
			);
			name = Clients;
			sourceTree = "<group>";
		};
		44F539AC1B92318300EC2859 /* Udacity */ = {
			isa = PBXGroup;
			children = (
				44F539AD1B9231CF00EC2859 /* UdacityClient.swift */,
				44F539AF1B92381600EC2859 /* UdacityClientConstants.swift */,
			);
			name = Udacity;
			sourceTree = "<group>";
		};
		44FAE6CA1B9C18CC002BAC28 /* Repositories */ = {
			isa = PBXGroup;
			children = (
				44FAE6CB1B9C18E8002BAC28 /* UserRepository.swift */,
				44FAE6CD1B9C2760002BAC28 /* StudentLocationRepository.swift */,
			);
			name = Repositories;
			sourceTree = "<group>";
		};
/* End PBXGroup section */

/* Begin PBXNativeTarget section */
		44F539821B9180F200EC2859 /* on the map */ = {
			isa = PBXNativeTarget;
			buildConfigurationList = 44F539A21B9180F200EC2859 /* Build configuration list for PBXNativeTarget "on the map" */;
			buildPhases = (
				44F5397F1B9180F200EC2859 /* Sources */,
				44F539801B9180F200EC2859 /* Frameworks */,
				44F539811B9180F200EC2859 /* Resources */,
			);
			buildRules = (
			);
			dependencies = (
			);
			name = "on the map";
			productName = "on the map";
			productReference = 44F539831B9180F200EC2859 /* on the map.app */;
			productType = "com.apple.product-type.application";
		};
		44F539971B9180F200EC2859 /* on the mapTests */ = {
			isa = PBXNativeTarget;
			buildConfigurationList = 44F539A51B9180F200EC2859 /* Build configuration list for PBXNativeTarget "on the mapTests" */;
			buildPhases = (
				44F539941B9180F200EC2859 /* Sources */,
				44F539951B9180F200EC2859 /* Frameworks */,
				44F539961B9180F200EC2859 /* Resources */,
			);
			buildRules = (
			);
			dependencies = (
				44F5399A1B9180F200EC2859 /* PBXTargetDependency */,
			);
			name = "on the mapTests";
			productName = "on the mapTests";
			productReference = 44F539981B9180F200EC2859 /* on the mapTests.xctest */;
			productType = "com.apple.product-type.bundle.unit-test";
		};
/* End PBXNativeTarget section */

/* Begin PBXProject section */
		44F5397B1B9180F200EC2859 /* Project object */ = {
			isa = PBXProject;
			attributes = {
				LastUpgradeCheck = 0640;
				ORGANIZATIONNAME = "Ian Gristock";
				TargetAttributes = {
					44F539821B9180F200EC2859 = {
						CreatedOnToolsVersion = 6.4;
					};
					44F539971B9180F200EC2859 = {
						CreatedOnToolsVersion = 6.4;
						TestTargetID = 44F539821B9180F200EC2859;
					};
				};
			};
			buildConfigurationList = 44F5397E1B9180F200EC2859 /* Build configuration list for PBXProject "on the map" */;
			compatibilityVersion = "Xcode 3.2";
			developmentRegion = English;
			hasScannedForEncodings = 0;
			knownRegions = (
				en,
				Base,
			);
			mainGroup = 44F5397A1B9180F200EC2859;
			productRefGroup = 44F539841B9180F200EC2859 /* Products */;
			projectDirPath = "";
			projectRoot = "";
			targets = (
				44F539821B9180F200EC2859 /* on the map */,
				44F539971B9180F200EC2859 /* on the mapTests */,
			);
		};
/* End PBXProject section */

/* Begin PBXResourcesBuildPhase section */
		44F539811B9180F200EC2859 /* Resources */ = {
			isa = PBXResourcesBuildPhase;
			buildActionMask = 2147483647;
			files = (
				44F5398E1B9180F200EC2859 /* Main.storyboard in Resources */,
				44F539931B9180F200EC2859 /* LaunchScreen.xib in Resources */,
				44F539901B9180F200EC2859 /* Images.xcassets in Resources */,
			);
			runOnlyForDeploymentPostprocessing = 0;
		};
		44F539961B9180F200EC2859 /* Resources */ = {
			isa = PBXResourcesBuildPhase;
			buildActionMask = 2147483647;
			files = (
			);
			runOnlyForDeploymentPostprocessing = 0;
		};
/* End PBXResourcesBuildPhase section */

/* Begin PBXSourcesBuildPhase section */
		44F5397F1B9180F200EC2859 /* Sources */ = {
			isa = PBXSourcesBuildPhase;
			buildActionMask = 2147483647;
			files = (
				44FAE6D01B9C2912002BAC28 /* StudentLocation.swift in Sources */,
				44FAE6CC1B9C18E8002BAC28 /* UserRepository.swift in Sources */,
				44734EFF1B9DBA53002B9800 /* SwiftSpinner.swift in Sources */,
				44FAE6D21B9CBB0D002BAC28 /* StudentLocationTableViewController.swift in Sources */,
				44E2B8861B95D1F3002332CC /* ParseClient.swift in Sources */,
				440B22301B9F0FF900A2654E /* InformationPostingViewController.swift in Sources */,
				44F5398B1B9180F200EC2859 /* LoginViewController.swift in Sources */,
				449C68011BA300610049A55A /* Util.swift in Sources */,
				44F539891B9180F200EC2859 /* AppDelegate.swift in Sources */,
				44FAE6CE1B9C2760002BAC28 /* StudentLocationRepository.swift in Sources */,
				44FAE6C51B9B315D002BAC28 /* MapViewController.swift in Sources */,
				44FAE6C31B9AF2A9002BAC28 /* User.swift in Sources */,
				44F539B01B92381600EC2859 /* UdacityClientConstants.swift in Sources */,
				44E2B8841B95CD0E002332CC /* RestClient.swift in Sources */,
				44F539AE1B9231CF00EC2859 /* UdacityClient.swift in Sources */,
			);
			runOnlyForDeploymentPostprocessing = 0;
		};
		44F539941B9180F200EC2859 /* Sources */ = {
			isa = PBXSourcesBuildPhase;
			buildActionMask = 2147483647;
			files = (
				44F5399F1B9180F200EC2859 /* on_the_mapTests.swift in Sources */,
			);
			runOnlyForDeploymentPostprocessing = 0;
		};
/* End PBXSourcesBuildPhase section */

/* Begin PBXTargetDependency section */
		44F5399A1B9180F200EC2859 /* PBXTargetDependency */ = {
			isa = PBXTargetDependency;
			target = 44F539821B9180F200EC2859 /* on the map */;
			targetProxy = 44F539991B9180F200EC2859 /* PBXContainerItemProxy */;
		};
/* End PBXTargetDependency section */

/* Begin PBXVariantGroup section */
		44F5398C1B9180F200EC2859 /* Main.storyboard */ = {
			isa = PBXVariantGroup;
			children = (
				44F5398D1B9180F200EC2859 /* Base */,
			);
			name = Main.storyboard;
			sourceTree = "<group>";
		};
		44F539911B9180F200EC2859 /* LaunchScreen.xib */ = {
			isa = PBXVariantGroup;
			children = (
				44F539921B9180F200EC2859 /* Base */,
			);
			name = LaunchScreen.xib;
			sourceTree = "<group>";
		};
/* End PBXVariantGroup section */

/* Begin XCBuildConfiguration section */
		44F539A01B9180F200EC2859 /* Debug */ = {
			isa = XCBuildConfiguration;
			buildSettings = {
				ALWAYS_SEARCH_USER_PATHS = NO;
				CLANG_CXX_LANGUAGE_STANDARD = "gnu++0x";
				CLANG_CXX_LIBRARY = "libc++";
				CLANG_ENABLE_MODULES = YES;
				CLANG_ENABLE_OBJC_ARC = YES;
				CLANG_WARN_BOOL_CONVERSION = YES;
				CLANG_WARN_CONSTANT_CONVERSION = YES;
				CLANG_WARN_DIRECT_OBJC_ISA_USAGE = YES_ERROR;
				CLANG_WARN_EMPTY_BODY = YES;
				CLANG_WARN_ENUM_CONVERSION = YES;
				CLANG_WARN_INT_CONVERSION = YES;
				CLANG_WARN_OBJC_ROOT_CLASS = YES_ERROR;
				CLANG_WARN_UNREACHABLE_CODE = YES;
				CLANG_WARN__DUPLICATE_METHOD_MATCH = YES;
				"CODE_SIGN_IDENTITY[sdk=iphoneos*]" = "iPhone Developer";
				COPY_PHASE_STRIP = NO;
				DEBUG_INFORMATION_FORMAT = "dwarf-with-dsym";
				ENABLE_STRICT_OBJC_MSGSEND = YES;
				GCC_C_LANGUAGE_STANDARD = gnu99;
				GCC_DYNAMIC_NO_PIC = NO;
				GCC_NO_COMMON_BLOCKS = YES;
				GCC_OPTIMIZATION_LEVEL = 0;
				GCC_PREPROCESSOR_DEFINITIONS = (
					"DEBUG=1",
					"$(inherited)",
				);
				GCC_SYMBOLS_PRIVATE_EXTERN = NO;
				GCC_WARN_64_TO_32_BIT_CONVERSION = YES;
				GCC_WARN_ABOUT_RETURN_TYPE = YES_ERROR;
				GCC_WARN_UNDECLARED_SELECTOR = YES;
				GCC_WARN_UNINITIALIZED_AUTOS = YES_AGGRESSIVE;
				GCC_WARN_UNUSED_FUNCTION = YES;
				GCC_WARN_UNUSED_VARIABLE = YES;
				IPHONEOS_DEPLOYMENT_TARGET = 8.4;
				MTL_ENABLE_DEBUG_INFO = YES;
				ONLY_ACTIVE_ARCH = YES;
				SDKROOT = iphoneos;
				SWIFT_OPTIMIZATION_LEVEL = "-Onone";
			};
			name = Debug;
		};
		44F539A11B9180F200EC2859 /* Release */ = {
			isa = XCBuildConfiguration;
			buildSettings = {
				ALWAYS_SEARCH_USER_PATHS = NO;
				CLANG_CXX_LANGUAGE_STANDARD = "gnu++0x";
				CLANG_CXX_LIBRARY = "libc++";
				CLANG_ENABLE_MODULES = YES;
				CLANG_ENABLE_OBJC_ARC = YES;
				CLANG_WARN_BOOL_CONVERSION = YES;
				CLANG_WARN_CONSTANT_CONVERSION = YES;
				CLANG_WARN_DIRECT_OBJC_ISA_USAGE = YES_ERROR;
				CLANG_WARN_EMPTY_BODY = YES;
				CLANG_WARN_ENUM_CONVERSION = YES;
				CLANG_WARN_INT_CONVERSION = YES;
				CLANG_WARN_OBJC_ROOT_CLASS = YES_ERROR;
				CLANG_WARN_UNREACHABLE_CODE = YES;
				CLANG_WARN__DUPLICATE_METHOD_MATCH = YES;
				"CODE_SIGN_IDENTITY[sdk=iphoneos*]" = "iPhone Developer";
				COPY_PHASE_STRIP = NO;
				DEBUG_INFORMATION_FORMAT = "dwarf-with-dsym";
				ENABLE_NS_ASSERTIONS = NO;
				ENABLE_STRICT_OBJC_MSGSEND = YES;
				GCC_C_LANGUAGE_STANDARD = gnu99;
				GCC_NO_COMMON_BLOCKS = YES;
				GCC_WARN_64_TO_32_BIT_CONVERSION = YES;
				GCC_WARN_ABOUT_RETURN_TYPE = YES_ERROR;
				GCC_WARN_UNDECLARED_SELECTOR = YES;
				GCC_WARN_UNINITIALIZED_AUTOS = YES_AGGRESSIVE;
				GCC_WARN_UNUSED_FUNCTION = YES;
				GCC_WARN_UNUSED_VARIABLE = YES;
				IPHONEOS_DEPLOYMENT_TARGET = 8.4;
				MTL_ENABLE_DEBUG_INFO = NO;
				SDKROOT = iphoneos;
				VALIDATE_PRODUCT = YES;
			};
			name = Release;
		};
		44F539A31B9180F200EC2859 /* Debug */ = {
			isa = XCBuildConfiguration;
			buildSettings = {
				ASSETCATALOG_COMPILER_APPICON_NAME = AppIcon;
				INFOPLIST_FILE = "on the map/Info.plist";
				LD_RUNPATH_SEARCH_PATHS = "$(inherited) @executable_path/Frameworks";
				PRODUCT_NAME = "$(TARGET_NAME)";
			};
			name = Debug;
		};
		44F539A41B9180F200EC2859 /* Release */ = {
			isa = XCBuildConfiguration;
			buildSettings = {
				ASSETCATALOG_COMPILER_APPICON_NAME = AppIcon;
				INFOPLIST_FILE = "on the map/Info.plist";
				LD_RUNPATH_SEARCH_PATHS = "$(inherited) @executable_path/Frameworks";
				PRODUCT_NAME = "$(TARGET_NAME)";
			};
			name = Release;
		};
		44F539A61B9180F200EC2859 /* Debug */ = {
			isa = XCBuildConfiguration;
			buildSettings = {
				BUNDLE_LOADER = "$(TEST_HOST)";
				FRAMEWORK_SEARCH_PATHS = (
					"$(SDKROOT)/Developer/Library/Frameworks",
					"$(inherited)",
				);
				GCC_PREPROCESSOR_DEFINITIONS = (
					"DEBUG=1",
					"$(inherited)",
				);
				INFOPLIST_FILE = "on the mapTests/Info.plist";
				LD_RUNPATH_SEARCH_PATHS = "$(inherited) @executable_path/Frameworks @loader_path/Frameworks";
				PRODUCT_NAME = "$(TARGET_NAME)";
				TEST_HOST = "$(BUILT_PRODUCTS_DIR)/on the map.app/on the map";
			};
			name = Debug;
		};
		44F539A71B9180F200EC2859 /* Release */ = {
			isa = XCBuildConfiguration;
			buildSettings = {
				BUNDLE_LOADER = "$(TEST_HOST)";
				FRAMEWORK_SEARCH_PATHS = (
					"$(SDKROOT)/Developer/Library/Frameworks",
					"$(inherited)",
				);
				INFOPLIST_FILE = "on the mapTests/Info.plist";
				LD_RUNPATH_SEARCH_PATHS = "$(inherited) @executable_path/Frameworks @loader_path/Frameworks";
				PRODUCT_NAME = "$(TARGET_NAME)";
				TEST_HOST = "$(BUILT_PRODUCTS_DIR)/on the map.app/on the map";
			};
			name = Release;
		};
/* End XCBuildConfiguration section */

/* Begin XCConfigurationList section */
		44F5397E1B9180F200EC2859 /* Build configuration list for PBXProject "on the map" */ = {
			isa = XCConfigurationList;
			buildConfigurations = (
				44F539A01B9180F200EC2859 /* Debug */,
				44F539A11B9180F200EC2859 /* Release */,
			);
			defaultConfigurationIsVisible = 0;
			defaultConfigurationName = Release;
		};
		44F539A21B9180F200EC2859 /* Build configuration list for PBXNativeTarget "on the map" */ = {
			isa = XCConfigurationList;
			buildConfigurations = (
				44F539A31B9180F200EC2859 /* Debug */,
				44F539A41B9180F200EC2859 /* Release */,
			);
			defaultConfigurationIsVisible = 0;
			defaultConfigurationName = Release;
		};
		44F539A51B9180F200EC2859 /* Build configuration list for PBXNativeTarget "on the mapTests" */ = {
			isa = XCConfigurationList;
			buildConfigurations = (
				44F539A61B9180F200EC2859 /* Debug */,
				44F539A71B9180F200EC2859 /* Release */,
			);
			defaultConfigurationIsVisible = 0;
			defaultConfigurationName = Release;
		};
/* End XCConfigurationList section */
	};
	rootObject = 44F5397B1B9180F200EC2859 /* Project object */;
}
